// !$*UTF8*$!
{
	archiveVersion = 1;
	classes = {
	};
	objectVersion = 46;
	objects = {

/* Begin PBXBuildFile section */
		5D0852171CC8D24D0040AA3F /* RegistViewController.m in Sources */ = {isa = PBXBuildFile; fileRef = 5D0852151CC8D24D0040AA3F /* RegistViewController.m */; };
		5D0852181CC8D24D0040AA3F /* RegistViewController.xib in Resources */ = {isa = PBXBuildFile; fileRef = 5D0852161CC8D24D0040AA3F /* RegistViewController.xib */; };
		5D129B5F1CC46DD5005584E8 /* BmobIMSDK.framework in Frameworks */ = {isa = PBXBuildFile; fileRef = 5D129B571CC46DD5005584E8 /* BmobIMSDK.framework */; };
		5D129B601CC46DD5005584E8 /* BmobMessageSDK.framework in Frameworks */ = {isa = PBXBuildFile; fileRef = 5D129B591CC46DD5005584E8 /* BmobMessageSDK.framework */; };
		5D129B611CC46DD5005584E8 /* AlipaySDK.bundle in Resources */ = {isa = PBXBuildFile; fileRef = 5D129B5B1CC46DD5005584E8 /* AlipaySDK.bundle */; };
		5D129B691CC46FC4005584E8 /* CoreLocation.framework in Frameworks */ = {isa = PBXBuildFile; fileRef = 5D129B681CC46FC4005584E8 /* CoreLocation.framework */; };
		5D129B6B1CC46FCD005584E8 /* Security.framework in Frameworks */ = {isa = PBXBuildFile; fileRef = 5D129B6A1CC46FCD005584E8 /* Security.framework */; };
		5D129B6D1CC46FD3005584E8 /* CoreGraphics.framework in Frameworks */ = {isa = PBXBuildFile; fileRef = 5D129B6C1CC46FD3005584E8 /* CoreGraphics.framework */; };
		5D129B6F1CC46FE6005584E8 /* MobileCoreServices.framework in Frameworks */ = {isa = PBXBuildFile; fileRef = 5D129B6E1CC46FE6005584E8 /* MobileCoreServices.framework */; };
		5D129B711CC46FF0005584E8 /* CFNetwork.framework in Frameworks */ = {isa = PBXBuildFile; fileRef = 5D129B701CC46FF0005584E8 /* CFNetwork.framework */; };
		5D129B731CC46FFA005584E8 /* CoreTelephony.framework in Frameworks */ = {isa = PBXBuildFile; fileRef = 5D129B721CC46FFA005584E8 /* CoreTelephony.framework */; };
		5D129B751CC4700F005584E8 /* libz.1.2.5.tbd in Frameworks */ = {isa = PBXBuildFile; fileRef = 5D129B741CC4700F005584E8 /* libz.1.2.5.tbd */; };
		5D129B791CC470F7005584E8 /* libsqlite3.tbd in Frameworks */ = {isa = PBXBuildFile; fileRef = 5D129B781CC470F7005584E8 /* libsqlite3.tbd */; };
		5D129B7A1CC4B1E3005584E8 /* NetTool.m in Sources */ = {isa = PBXBuildFile; fileRef = 5DF697171CC07B2B001C9921 /* NetTool.m */; };
		5D129B7C1CC4B3AD005584E8 /* libicucore.tbd in Frameworks */ = {isa = PBXBuildFile; fileRef = 5D129B7B1CC4B3AD005584E8 /* libicucore.tbd */; };
		5D129B801CC4B41B005584E8 /* BmobSDK.framework in Frameworks */ = {isa = PBXBuildFile; fileRef = 5D129B7F1CC4B41B005584E8 /* BmobSDK.framework */; };
		5D129B811CC4B424005584E8 /* BmobSDK.framework in Frameworks */ = {isa = PBXBuildFile; fileRef = 5D129B7F1CC4B41B005584E8 /* BmobSDK.framework */; };
		5D129B821CC4B424005584E8 /* BmobSDK.framework in Embed Frameworks */ = {isa = PBXBuildFile; fileRef = 5D129B7F1CC4B41B005584E8 /* BmobSDK.framework */; settings = {ATTRIBUTES = (CodeSignOnCopy, RemoveHeadersOnCopy, ); }; };
		5D129B871CC4B8D6005584E8 /* CacheTool.m in Sources */ = {isa = PBXBuildFile; fileRef = 5D129B861CC4B8D6005584E8 /* CacheTool.m */; };
		5D129B8D1CC4C6CD005584E8 /* CommonFunctions.m in Sources */ = {isa = PBXBuildFile; fileRef = 5D129B8C1CC4C6CD005584E8 /* CommonFunctions.m */; };
		5D129B961CC4D4F3005584E8 /* AlertView.m in Sources */ = {isa = PBXBuildFile; fileRef = 5D129B901CC4D4F3005584E8 /* AlertView.m */; };
		5D129B971CC4D4F3005584E8 /* LPAlertView.m in Sources */ = {isa = PBXBuildFile; fileRef = 5D129B921CC4D4F3005584E8 /* LPAlertView.m */; };
		5D129B981CC4D4F3005584E8 /* LPAlertView.xib in Resources */ = {isa = PBXBuildFile; fileRef = 5D129B931CC4D4F3005584E8 /* LPAlertView.xib */; };
		5D129B991CC4D4F3005584E8 /* LPCustomHUD.m in Sources */ = {isa = PBXBuildFile; fileRef = 5D129B951CC4D4F3005584E8 /* LPCustomHUD.m */; };
		5D129BA01CC4D97B005584E8 /* SettingViewController.m in Sources */ = {isa = PBXBuildFile; fileRef = 5D129B9E1CC4D97B005584E8 /* SettingViewController.m */; };
		5D129BA11CC4D97B005584E8 /* SettingViewController.xib in Resources */ = {isa = PBXBuildFile; fileRef = 5D129B9F1CC4D97B005584E8 /* SettingViewController.xib */; };
		5D510D981CC714AE0051519E /* MsgListViewController.m in Sources */ = {isa = PBXBuildFile; fileRef = 5D510D961CC714AE0051519E /* MsgListViewController.m */; };
		5D510D991CC714AE0051519E /* MsgListViewController.xib in Resources */ = {isa = PBXBuildFile; fileRef = 5D510D971CC714AE0051519E /* MsgListViewController.xib */; };
		5D510D9C1CC71D890051519E /* MsgTool.m in Sources */ = {isa = PBXBuildFile; fileRef = 5D510D9B1CC71D890051519E /* MsgTool.m */; };
		5D5124971CBF344C009114CC /* UserModel.m in Sources */ = {isa = PBXBuildFile; fileRef = 5D5124961CBF344C009114CC /* UserModel.m */; };
		5D57231A1CB73F5F0041643A /* LPLine.m in Sources */ = {isa = PBXBuildFile; fileRef = 5D5723191CB73F5F0041643A /* LPLine.m */; };
		5D57232B1CB7A08B0041643A /* HomeViewController.m in Sources */ = {isa = PBXBuildFile; fileRef = 5D5723291CB7A08B0041643A /* HomeViewController.m */; };
		5D57232C1CB7A08B0041643A /* HomeViewController.xib in Resources */ = {isa = PBXBuildFile; fileRef = 5D57232A1CB7A08B0041643A /* HomeViewController.xib */; };
		5D57233B1CB7A0DE0041643A /* TaskViewController.m in Sources */ = {isa = PBXBuildFile; fileRef = 5D5723391CB7A0DE0041643A /* TaskViewController.m */; };
		5D57233C1CB7A0DE0041643A /* TaskViewController.xib in Resources */ = {isa = PBXBuildFile; fileRef = 5D57233A1CB7A0DE0041643A /* TaskViewController.xib */; };
		5D5723401CB7B0440041643A /* TestViewController.m in Sources */ = {isa = PBXBuildFile; fileRef = 5D57233E1CB7B0440041643A /* TestViewController.m */; };
		5D5723411CB7B0440041643A /* TestViewController.xib in Resources */ = {isa = PBXBuildFile; fileRef = 5D57233F1CB7B0440041643A /* TestViewController.xib */; };
		5D60A16E1CB63F5B009B38F7 /* main.m in Sources */ = {isa = PBXBuildFile; fileRef = 5D60A16D1CB63F5B009B38F7 /* main.m */; };
		5D60A1791CB63F5B009B38F7 /* Assets.xcassets in Resources */ = {isa = PBXBuildFile; fileRef = 5D60A1781CB63F5B009B38F7 /* Assets.xcassets */; };
		5D60A17C1CB63F5B009B38F7 /* LaunchScreen.storyboard in Resources */ = {isa = PBXBuildFile; fileRef = 5D60A17A1CB63F5B009B38F7 /* LaunchScreen.storyboard */; };
		5D60A18A1CB64372009B38F7 /* AppDelegate.m in Sources */ = {isa = PBXBuildFile; fileRef = 5D60A1891CB64372009B38F7 /* AppDelegate.m */; };
		5D6107B51CBCC425002C35E5 /* BasicViewController.m in Sources */ = {isa = PBXBuildFile; fileRef = 5D6107AA1CBCC425002C35E5 /* BasicViewController.m */; };
		5D6107B61CBCC425002C35E5 /* LoadView.m in Sources */ = {isa = PBXBuildFile; fileRef = 5D6107AC1CBCC425002C35E5 /* LoadView.m */; };
		5D6107B71CBCC425002C35E5 /* LoadView.xib in Resources */ = {isa = PBXBuildFile; fileRef = 5D6107AD1CBCC425002C35E5 /* LoadView.xib */; };
		5D6107B81CBCC425002C35E5 /* MainTabBar.m in Sources */ = {isa = PBXBuildFile; fileRef = 5D6107B01CBCC425002C35E5 /* MainTabBar.m */; };
		5D6107B91CBCC425002C35E5 /* MainTabBarController.m in Sources */ = {isa = PBXBuildFile; fileRef = 5D6107B21CBCC425002C35E5 /* MainTabBarController.m */; };
		5D6107BA1CBCC425002C35E5 /* TabBarItem.m in Sources */ = {isa = PBXBuildFile; fileRef = 5D6107B41CBCC425002C35E5 /* TabBarItem.m */; };
		5D8AEE831CC6314A00E7F9A4 /* NewTasksViewController.m in Sources */ = {isa = PBXBuildFile; fileRef = 5D8AEE811CC6314A00E7F9A4 /* NewTasksViewController.m */; };
		5D8AEE841CC6314A00E7F9A4 /* NewTasksViewController.xib in Resources */ = {isa = PBXBuildFile; fileRef = 5D8AEE821CC6314A00E7F9A4 /* NewTasksViewController.xib */; };
		5D8AEE881CC6315E00E7F9A4 /* OldTasksViewController.m in Sources */ = {isa = PBXBuildFile; fileRef = 5D8AEE861CC6315E00E7F9A4 /* OldTasksViewController.m */; };
		5D8AEE891CC6315E00E7F9A4 /* OldTasksViewController.xib in Resources */ = {isa = PBXBuildFile; fileRef = 5D8AEE871CC6315E00E7F9A4 /* OldTasksViewController.xib */; };
		5D95FC931CBB9396009EF97A /* BasicImgView.m in Sources */ = {isa = PBXBuildFile; fileRef = 5D95FC921CBB9396009EF97A /* BasicImgView.m */; };
		5D95FC961CBB93CD009EF97A /* HeadImgView.m in Sources */ = {isa = PBXBuildFile; fileRef = 5D95FC951CBB93CD009EF97A /* HeadImgView.m */; };
		5DDE1AAC1CBBA9EB00D769B1 /* MineViewController.m in Sources */ = {isa = PBXBuildFile; fileRef = 5DDE1AAA1CBBA9EB00D769B1 /* MineViewController.m */; };
		5DDE1AAD1CBBA9EB00D769B1 /* MineViewController.xib in Resources */ = {isa = PBXBuildFile; fileRef = 5DDE1AAB1CBBA9EB00D769B1 /* MineViewController.xib */; };
		5DF4D8B91CC7856D009BF68A /* ChatViewController.m in Sources */ = {isa = PBXBuildFile; fileRef = 5DF4D8B71CC7856D009BF68A /* ChatViewController.m */; };
		5DF4D8BA1CC7856D009BF68A /* ChatViewController.xib in Resources */ = {isa = PBXBuildFile; fileRef = 5DF4D8B81CC7856D009BF68A /* ChatViewController.xib */; };
		5DF6971B1CC0BCDD001C9921 /* BasicButton.m in Sources */ = {isa = PBXBuildFile; fileRef = 5DF6971A1CC0BCDD001C9921 /* BasicButton.m */; };
		5DF697231CC0D8C0001C9921 /* LoginViewController.m in Sources */ = {isa = PBXBuildFile; fileRef = 5DF697211CC0D8C0001C9921 /* LoginViewController.m */; };
		5DF697251CC0D8C7001C9921 /* LoginViewController.xib in Resources */ = {isa = PBXBuildFile; fileRef = 5DF697241CC0D8C7001C9921 /* LoginViewController.xib */; };
		C66374D91CBD2EFC00447A39 /* RefreshTableView.m in Sources */ = {isa = PBXBuildFile; fileRef = C66374D81CBD2EFC00447A39 /* RefreshTableView.m */; };
		C6C236B51CBE945000919E31 /* AddView.m in Sources */ = {isa = PBXBuildFile; fileRef = C6C236B41CBE945000919E31 /* AddView.m */; };
/* End PBXBuildFile section */

/* Begin PBXCopyFilesBuildPhase section */
		5D129B831CC4B424005584E8 /* Embed Frameworks */ = {
			isa = PBXCopyFilesBuildPhase;
			buildActionMask = 2147483647;
			dstPath = "";
			dstSubfolderSpec = 10;
			files = (
				5D129B821CC4B424005584E8 /* BmobSDK.framework in Embed Frameworks */,
			);
			name = "Embed Frameworks";
			runOnlyForDeploymentPostprocessing = 0;
		};
/* End PBXCopyFilesBuildPhase section */

/* Begin PBXFileReference section */
		5D0852141CC8D24D0040AA3F /* RegistViewController.h */ = {isa = PBXFileReference; fileEncoding = 4; lastKnownFileType = sourcecode.c.h; path = RegistViewController.h; sourceTree = "<group>"; };
		5D0852151CC8D24D0040AA3F /* RegistViewController.m */ = {isa = PBXFileReference; fileEncoding = 4; lastKnownFileType = sourcecode.c.objc; path = RegistViewController.m; sourceTree = "<group>"; };
		5D0852161CC8D24D0040AA3F /* RegistViewController.xib */ = {isa = PBXFileReference; fileEncoding = 4; lastKnownFileType = file.xib; path = RegistViewController.xib; sourceTree = "<group>"; };
		5D129B571CC46DD5005584E8 /* BmobIMSDK.framework */ = {isa = PBXFileReference; lastKnownFileType = wrapper.framework; path = BmobIMSDK.framework; sourceTree = "<group>"; };
		5D129B591CC46DD5005584E8 /* BmobMessageSDK.framework */ = {isa = PBXFileReference; lastKnownFileType = wrapper.framework; path = BmobMessageSDK.framework; sourceTree = "<group>"; };
		5D129B5B1CC46DD5005584E8 /* AlipaySDK.bundle */ = {isa = PBXFileReference; lastKnownFileType = "wrapper.plug-in"; path = AlipaySDK.bundle; sourceTree = "<group>"; };
		5D129B5C1CC46DD5005584E8 /* AlipaySDK.framework */ = {isa = PBXFileReference; lastKnownFileType = wrapper.framework; path = AlipaySDK.framework; sourceTree = "<group>"; };
		5D129B5D1CC46DD5005584E8 /* BmobPay.framework */ = {isa = PBXFileReference; lastKnownFileType = wrapper.framework; path = BmobPay.framework; sourceTree = "<group>"; };
		5D129B681CC46FC4005584E8 /* CoreLocation.framework */ = {isa = PBXFileReference; lastKnownFileType = wrapper.framework; name = CoreLocation.framework; path = System/Library/Frameworks/CoreLocation.framework; sourceTree = SDKROOT; };
		5D129B6A1CC46FCD005584E8 /* Security.framework */ = {isa = PBXFileReference; lastKnownFileType = wrapper.framework; name = Security.framework; path = System/Library/Frameworks/Security.framework; sourceTree = SDKROOT; };
		5D129B6C1CC46FD3005584E8 /* CoreGraphics.framework */ = {isa = PBXFileReference; lastKnownFileType = wrapper.framework; name = CoreGraphics.framework; path = System/Library/Frameworks/CoreGraphics.framework; sourceTree = SDKROOT; };
		5D129B6E1CC46FE6005584E8 /* MobileCoreServices.framework */ = {isa = PBXFileReference; lastKnownFileType = wrapper.framework; name = MobileCoreServices.framework; path = System/Library/Frameworks/MobileCoreServices.framework; sourceTree = SDKROOT; };
		5D129B701CC46FF0005584E8 /* CFNetwork.framework */ = {isa = PBXFileReference; lastKnownFileType = wrapper.framework; name = CFNetwork.framework; path = System/Library/Frameworks/CFNetwork.framework; sourceTree = SDKROOT; };
		5D129B721CC46FFA005584E8 /* CoreTelephony.framework */ = {isa = PBXFileReference; lastKnownFileType = wrapper.framework; name = CoreTelephony.framework; path = System/Library/Frameworks/CoreTelephony.framework; sourceTree = SDKROOT; };
		5D129B741CC4700F005584E8 /* libz.1.2.5.tbd */ = {isa = PBXFileReference; lastKnownFileType = "sourcecode.text-based-dylib-definition"; name = libz.1.2.5.tbd; path = usr/lib/libz.1.2.5.tbd; sourceTree = SDKROOT; };
		5D129B781CC470F7005584E8 /* libsqlite3.tbd */ = {isa = PBXFileReference; lastKnownFileType = "sourcecode.text-based-dylib-definition"; name = libsqlite3.tbd; path = usr/lib/libsqlite3.tbd; sourceTree = SDKROOT; };
		5D129B7B1CC4B3AD005584E8 /* libicucore.tbd */ = {isa = PBXFileReference; lastKnownFileType = "sourcecode.text-based-dylib-definition"; name = libicucore.tbd; path = usr/lib/libicucore.tbd; sourceTree = SDKROOT; };
		5D129B7F1CC4B41B005584E8 /* BmobSDK.framework */ = {isa = PBXFileReference; lastKnownFileType = wrapper.framework; path = BmobSDK.framework; sourceTree = "<group>"; };
		5D129B851CC4B8D6005584E8 /* CacheTool.h */ = {isa = PBXFileReference; fileEncoding = 4; lastKnownFileType = sourcecode.c.h; path = CacheTool.h; sourceTree = "<group>"; };
		5D129B861CC4B8D6005584E8 /* CacheTool.m */ = {isa = PBXFileReference; fileEncoding = 4; lastKnownFileType = sourcecode.c.objc; path = CacheTool.m; sourceTree = "<group>"; };
		5D129B8B1CC4C6CD005584E8 /* CommonFunctions.h */ = {isa = PBXFileReference; fileEncoding = 4; lastKnownFileType = sourcecode.c.h; path = CommonFunctions.h; sourceTree = "<group>"; };
		5D129B8C1CC4C6CD005584E8 /* CommonFunctions.m */ = {isa = PBXFileReference; fileEncoding = 4; lastKnownFileType = sourcecode.c.objc; path = CommonFunctions.m; sourceTree = "<group>"; };
		5D129B8F1CC4D4F3005584E8 /* AlertView.h */ = {isa = PBXFileReference; fileEncoding = 4; lastKnownFileType = sourcecode.c.h; path = AlertView.h; sourceTree = "<group>"; };
		5D129B901CC4D4F3005584E8 /* AlertView.m */ = {isa = PBXFileReference; fileEncoding = 4; lastKnownFileType = sourcecode.c.objc; path = AlertView.m; sourceTree = "<group>"; };
		5D129B911CC4D4F3005584E8 /* LPAlertView.h */ = {isa = PBXFileReference; fileEncoding = 4; lastKnownFileType = sourcecode.c.h; path = LPAlertView.h; sourceTree = "<group>"; };
		5D129B921CC4D4F3005584E8 /* LPAlertView.m */ = {isa = PBXFileReference; fileEncoding = 4; lastKnownFileType = sourcecode.c.objc; path = LPAlertView.m; sourceTree = "<group>"; };
		5D129B931CC4D4F3005584E8 /* LPAlertView.xib */ = {isa = PBXFileReference; fileEncoding = 4; lastKnownFileType = file.xib; path = LPAlertView.xib; sourceTree = "<group>"; };
		5D129B941CC4D4F3005584E8 /* LPCustomHUD.h */ = {isa = PBXFileReference; fileEncoding = 4; lastKnownFileType = sourcecode.c.h; path = LPCustomHUD.h; sourceTree = "<group>"; };
		5D129B951CC4D4F3005584E8 /* LPCustomHUD.m */ = {isa = PBXFileReference; fileEncoding = 4; lastKnownFileType = sourcecode.c.objc; path = LPCustomHUD.m; sourceTree = "<group>"; };
		5D129B9A1CC4D6E9005584E8 /* CommonHeaders.h */ = {isa = PBXFileReference; lastKnownFileType = sourcecode.c.h; path = CommonHeaders.h; sourceTree = "<group>"; };
		5D129B9D1CC4D97B005584E8 /* SettingViewController.h */ = {isa = PBXFileReference; fileEncoding = 4; lastKnownFileType = sourcecode.c.h; path = SettingViewController.h; sourceTree = "<group>"; };
		5D129B9E1CC4D97B005584E8 /* SettingViewController.m */ = {isa = PBXFileReference; fileEncoding = 4; lastKnownFileType = sourcecode.c.objc; path = SettingViewController.m; sourceTree = "<group>"; };
		5D129B9F1CC4D97B005584E8 /* SettingViewController.xib */ = {isa = PBXFileReference; fileEncoding = 4; lastKnownFileType = file.xib; path = SettingViewController.xib; sourceTree = "<group>"; };
		5D510D951CC714AE0051519E /* MsgListViewController.h */ = {isa = PBXFileReference; fileEncoding = 4; lastKnownFileType = sourcecode.c.h; path = MsgListViewController.h; sourceTree = "<group>"; };
		5D510D961CC714AE0051519E /* MsgListViewController.m */ = {isa = PBXFileReference; fileEncoding = 4; lastKnownFileType = sourcecode.c.objc; path = MsgListViewController.m; sourceTree = "<group>"; };
		5D510D971CC714AE0051519E /* MsgListViewController.xib */ = {isa = PBXFileReference; fileEncoding = 4; lastKnownFileType = file.xib; path = MsgListViewController.xib; sourceTree = "<group>"; };
		5D510D9A1CC71D890051519E /* MsgTool.h */ = {isa = PBXFileReference; fileEncoding = 4; lastKnownFileType = sourcecode.c.h; path = MsgTool.h; sourceTree = "<group>"; };
		5D510D9B1CC71D890051519E /* MsgTool.m */ = {isa = PBXFileReference; fileEncoding = 4; lastKnownFileType = sourcecode.c.objc; path = MsgTool.m; sourceTree = "<group>"; };
		5D5124951CBF344C009114CC /* UserModel.h */ = {isa = PBXFileReference; fileEncoding = 4; lastKnownFileType = sourcecode.c.h; path = UserModel.h; sourceTree = "<group>"; };
		5D5124961CBF344C009114CC /* UserModel.m */ = {isa = PBXFileReference; fileEncoding = 4; lastKnownFileType = sourcecode.c.objc; path = UserModel.m; sourceTree = "<group>"; };
		5D5723181CB73F5F0041643A /* LPLine.h */ = {isa = PBXFileReference; fileEncoding = 4; lastKnownFileType = sourcecode.c.h; path = LPLine.h; sourceTree = "<group>"; };
		5D5723191CB73F5F0041643A /* LPLine.m */ = {isa = PBXFileReference; fileEncoding = 4; lastKnownFileType = sourcecode.c.objc; path = LPLine.m; sourceTree = "<group>"; };
		5D5723281CB7A08B0041643A /* HomeViewController.h */ = {isa = PBXFileReference; fileEncoding = 4; lastKnownFileType = sourcecode.c.h; path = HomeViewController.h; sourceTree = "<group>"; };
		5D5723291CB7A08B0041643A /* HomeViewController.m */ = {isa = PBXFileReference; fileEncoding = 4; lastKnownFileType = sourcecode.c.objc; path = HomeViewController.m; sourceTree = "<group>"; };
		5D57232A1CB7A08B0041643A /* HomeViewController.xib */ = {isa = PBXFileReference; fileEncoding = 4; lastKnownFileType = file.xib; path = HomeViewController.xib; sourceTree = "<group>"; };
		5D5723381CB7A0DE0041643A /* TaskViewController.h */ = {isa = PBXFileReference; fileEncoding = 4; lastKnownFileType = sourcecode.c.h; path = TaskViewController.h; sourceTree = "<group>"; };
		5D5723391CB7A0DE0041643A /* TaskViewController.m */ = {isa = PBXFileReference; fileEncoding = 4; lastKnownFileType = sourcecode.c.objc; path = TaskViewController.m; sourceTree = "<group>"; };
		5D57233A1CB7A0DE0041643A /* TaskViewController.xib */ = {isa = PBXFileReference; fileEncoding = 4; lastKnownFileType = file.xib; path = TaskViewController.xib; sourceTree = "<group>"; };
		5D57233D1CB7B0440041643A /* TestViewController.h */ = {isa = PBXFileReference; fileEncoding = 4; lastKnownFileType = sourcecode.c.h; path = TestViewController.h; sourceTree = "<group>"; };
		5D57233E1CB7B0440041643A /* TestViewController.m */ = {isa = PBXFileReference; fileEncoding = 4; lastKnownFileType = sourcecode.c.objc; path = TestViewController.m; sourceTree = "<group>"; };
		5D57233F1CB7B0440041643A /* TestViewController.xib */ = {isa = PBXFileReference; fileEncoding = 4; lastKnownFileType = file.xib; path = TestViewController.xib; sourceTree = "<group>"; };
		5D60A1691CB63F5A009B38F7 /* Complay.app */ = {isa = PBXFileReference; explicitFileType = wrapper.application; includeInIndex = 0; path = Complay.app; sourceTree = BUILT_PRODUCTS_DIR; };
		5D60A16D1CB63F5B009B38F7 /* main.m */ = {isa = PBXFileReference; lastKnownFileType = sourcecode.c.objc; path = main.m; sourceTree = "<group>"; };
		5D60A1781CB63F5B009B38F7 /* Assets.xcassets */ = {isa = PBXFileReference; lastKnownFileType = folder.assetcatalog; path = Assets.xcassets; sourceTree = "<group>"; };
		5D60A17B1CB63F5B009B38F7 /* Base */ = {isa = PBXFileReference; lastKnownFileType = file.storyboard; name = Base; path = Base.lproj/LaunchScreen.storyboard; sourceTree = "<group>"; };
		5D60A17D1CB63F5B009B38F7 /* Info.plist */ = {isa = PBXFileReference; lastKnownFileType = text.plist.xml; path = Info.plist; sourceTree = "<group>"; };
		5D60A1881CB64372009B38F7 /* AppDelegate.h */ = {isa = PBXFileReference; fileEncoding = 4; lastKnownFileType = sourcecode.c.h; path = AppDelegate.h; sourceTree = "<group>"; };
		5D60A1891CB64372009B38F7 /* AppDelegate.m */ = {isa = PBXFileReference; fileEncoding = 4; lastKnownFileType = sourcecode.c.objc; path = AppDelegate.m; sourceTree = "<group>"; };
		5D6107A91CBCC425002C35E5 /* BasicViewController.h */ = {isa = PBXFileReference; fileEncoding = 4; lastKnownFileType = sourcecode.c.h; path = BasicViewController.h; sourceTree = "<group>"; };
		5D6107AA1CBCC425002C35E5 /* BasicViewController.m */ = {isa = PBXFileReference; fileEncoding = 4; lastKnownFileType = sourcecode.c.objc; path = BasicViewController.m; sourceTree = "<group>"; };
		5D6107AB1CBCC425002C35E5 /* LoadView.h */ = {isa = PBXFileReference; fileEncoding = 4; lastKnownFileType = sourcecode.c.h; path = LoadView.h; sourceTree = "<group>"; };
		5D6107AC1CBCC425002C35E5 /* LoadView.m */ = {isa = PBXFileReference; fileEncoding = 4; lastKnownFileType = sourcecode.c.objc; path = LoadView.m; sourceTree = "<group>"; };
		5D6107AD1CBCC425002C35E5 /* LoadView.xib */ = {isa = PBXFileReference; fileEncoding = 4; lastKnownFileType = file.xib; path = LoadView.xib; sourceTree = "<group>"; };
		5D6107AF1CBCC425002C35E5 /* MainTabBar.h */ = {isa = PBXFileReference; fileEncoding = 4; lastKnownFileType = sourcecode.c.h; path = MainTabBar.h; sourceTree = "<group>"; };
		5D6107B01CBCC425002C35E5 /* MainTabBar.m */ = {isa = PBXFileReference; fileEncoding = 4; lastKnownFileType = sourcecode.c.objc; path = MainTabBar.m; sourceTree = "<group>"; };
		5D6107B11CBCC425002C35E5 /* MainTabBarController.h */ = {isa = PBXFileReference; fileEncoding = 4; lastKnownFileType = sourcecode.c.h; path = MainTabBarController.h; sourceTree = "<group>"; };
		5D6107B21CBCC425002C35E5 /* MainTabBarController.m */ = {isa = PBXFileReference; fileEncoding = 4; lastKnownFileType = sourcecode.c.objc; path = MainTabBarController.m; sourceTree = "<group>"; };
		5D6107B31CBCC425002C35E5 /* TabBarItem.h */ = {isa = PBXFileReference; fileEncoding = 4; lastKnownFileType = sourcecode.c.h; path = TabBarItem.h; sourceTree = "<group>"; };
		5D6107B41CBCC425002C35E5 /* TabBarItem.m */ = {isa = PBXFileReference; fileEncoding = 4; lastKnownFileType = sourcecode.c.objc; path = TabBarItem.m; sourceTree = "<group>"; };
		5D8AEE801CC6314A00E7F9A4 /* NewTasksViewController.h */ = {isa = PBXFileReference; fileEncoding = 4; lastKnownFileType = sourcecode.c.h; path = NewTasksViewController.h; sourceTree = "<group>"; };
		5D8AEE811CC6314A00E7F9A4 /* NewTasksViewController.m */ = {isa = PBXFileReference; fileEncoding = 4; lastKnownFileType = sourcecode.c.objc; path = NewTasksViewController.m; sourceTree = "<group>"; };
		5D8AEE821CC6314A00E7F9A4 /* NewTasksViewController.xib */ = {isa = PBXFileReference; fileEncoding = 4; lastKnownFileType = file.xib; path = NewTasksViewController.xib; sourceTree = "<group>"; };
		5D8AEE851CC6315E00E7F9A4 /* OldTasksViewController.h */ = {isa = PBXFileReference; fileEncoding = 4; lastKnownFileType = sourcecode.c.h; path = OldTasksViewController.h; sourceTree = "<group>"; };
		5D8AEE861CC6315E00E7F9A4 /* OldTasksViewController.m */ = {isa = PBXFileReference; fileEncoding = 4; lastKnownFileType = sourcecode.c.objc; path = OldTasksViewController.m; sourceTree = "<group>"; };
		5D8AEE871CC6315E00E7F9A4 /* OldTasksViewController.xib */ = {isa = PBXFileReference; fileEncoding = 4; lastKnownFileType = file.xib; path = OldTasksViewController.xib; sourceTree = "<group>"; };
		5D95FC8D1CBB51C3009EF97A /* CommonConstants.h */ = {isa = PBXFileReference; lastKnownFileType = sourcecode.c.h; path = CommonConstants.h; sourceTree = "<group>"; };
		5D95FC911CBB9396009EF97A /* BasicImgView.h */ = {isa = PBXFileReference; fileEncoding = 4; lastKnownFileType = sourcecode.c.h; path = BasicImgView.h; sourceTree = "<group>"; };
		5D95FC921CBB9396009EF97A /* BasicImgView.m */ = {isa = PBXFileReference; fileEncoding = 4; lastKnownFileType = sourcecode.c.objc; path = BasicImgView.m; sourceTree = "<group>"; };
		5D95FC941CBB93CD009EF97A /* HeadImgView.h */ = {isa = PBXFileReference; fileEncoding = 4; lastKnownFileType = sourcecode.c.h; path = HeadImgView.h; sourceTree = "<group>"; };
		5D95FC951CBB93CD009EF97A /* HeadImgView.m */ = {isa = PBXFileReference; fileEncoding = 4; lastKnownFileType = sourcecode.c.objc; path = HeadImgView.m; sourceTree = "<group>"; };
		5DDE1AA91CBBA9EB00D769B1 /* MineViewController.h */ = {isa = PBXFileReference; fileEncoding = 4; lastKnownFileType = sourcecode.c.h; path = MineViewController.h; sourceTree = "<group>"; };
		5DDE1AAA1CBBA9EB00D769B1 /* MineViewController.m */ = {isa = PBXFileReference; fileEncoding = 4; lastKnownFileType = sourcecode.c.objc; path = MineViewController.m; sourceTree = "<group>"; };
		5DDE1AAB1CBBA9EB00D769B1 /* MineViewController.xib */ = {isa = PBXFileReference; fileEncoding = 4; lastKnownFileType = file.xib; path = MineViewController.xib; sourceTree = "<group>"; };
		5DF4D8B61CC7856D009BF68A /* ChatViewController.h */ = {isa = PBXFileReference; fileEncoding = 4; lastKnownFileType = sourcecode.c.h; path = ChatViewController.h; sourceTree = "<group>"; };
		5DF4D8B71CC7856D009BF68A /* ChatViewController.m */ = {isa = PBXFileReference; fileEncoding = 4; lastKnownFileType = sourcecode.c.objc; path = ChatViewController.m; sourceTree = "<group>"; };
		5DF4D8B81CC7856D009BF68A /* ChatViewController.xib */ = {isa = PBXFileReference; fileEncoding = 4; lastKnownFileType = file.xib; path = ChatViewController.xib; sourceTree = "<group>"; };
		5DF697161CC07B2B001C9921 /* NetTool.h */ = {isa = PBXFileReference; fileEncoding = 4; lastKnownFileType = sourcecode.c.h; path = NetTool.h; sourceTree = "<group>"; };
		5DF697171CC07B2B001C9921 /* NetTool.m */ = {isa = PBXFileReference; fileEncoding = 4; lastKnownFileType = sourcecode.c.objc; path = NetTool.m; sourceTree = "<group>"; };
		5DF697191CC0BCDD001C9921 /* BasicButton.h */ = {isa = PBXFileReference; fileEncoding = 4; lastKnownFileType = sourcecode.c.h; path = BasicButton.h; sourceTree = "<group>"; };
		5DF6971A1CC0BCDD001C9921 /* BasicButton.m */ = {isa = PBXFileReference; fileEncoding = 4; lastKnownFileType = sourcecode.c.objc; path = BasicButton.m; sourceTree = "<group>"; };
		5DF697211CC0D8C0001C9921 /* LoginViewController.m */ = {isa = PBXFileReference; fileEncoding = 4; lastKnownFileType = sourcecode.c.objc; path = LoginViewController.m; sourceTree = "<group>"; };
		5DF697221CC0D8C0001C9921 /* LoginViewController.h */ = {isa = PBXFileReference; fileEncoding = 4; lastKnownFileType = sourcecode.c.h; path = LoginViewController.h; sourceTree = "<group>"; };
		5DF697241CC0D8C7001C9921 /* LoginViewController.xib */ = {isa = PBXFileReference; fileEncoding = 4; lastKnownFileType = file.xib; path = LoginViewController.xib; sourceTree = "<group>"; };
		C66374D71CBD2EFC00447A39 /* RefreshTableView.h */ = {isa = PBXFileReference; fileEncoding = 4; lastKnownFileType = sourcecode.c.h; path = RefreshTableView.h; sourceTree = "<group>"; };
		C66374D81CBD2EFC00447A39 /* RefreshTableView.m */ = {isa = PBXFileReference; fileEncoding = 4; lastKnownFileType = sourcecode.c.objc; path = RefreshTableView.m; sourceTree = "<group>"; };
		C6C236B31CBE945000919E31 /* AddView.h */ = {isa = PBXFileReference; fileEncoding = 4; lastKnownFileType = sourcecode.c.h; path = AddView.h; sourceTree = "<group>"; };
		C6C236B41CBE945000919E31 /* AddView.m */ = {isa = PBXFileReference; fileEncoding = 4; lastKnownFileType = sourcecode.c.objc; path = AddView.m; sourceTree = "<group>"; };
/* End PBXFileReference section */

/* Begin PBXFrameworksBuildPhase section */
		5D60A1661CB63F5A009B38F7 /* Frameworks */ = {
			isa = PBXFrameworksBuildPhase;
			buildActionMask = 2147483647;
			files = (
				5D129B7C1CC4B3AD005584E8 /* libicucore.tbd in Frameworks */,
				5D129B791CC470F7005584E8 /* libsqlite3.tbd in Frameworks */,
				5D129B751CC4700F005584E8 /* libz.1.2.5.tbd in Frameworks */,
				5D129B731CC46FFA005584E8 /* CoreTelephony.framework in Frameworks */,
				5D129B711CC46FF0005584E8 /* CFNetwork.framework in Frameworks */,
				5D129B6F1CC46FE6005584E8 /* MobileCoreServices.framework in Frameworks */,
				5D129B811CC4B424005584E8 /* BmobSDK.framework in Frameworks */,
				5D129B6D1CC46FD3005584E8 /* CoreGraphics.framework in Frameworks */,
				5D129B801CC4B41B005584E8 /* BmobSDK.framework in Frameworks */,
				5D129B6B1CC46FCD005584E8 /* Security.framework in Frameworks */,
				5D129B691CC46FC4005584E8 /* CoreLocation.framework in Frameworks */,
				5D129B601CC46DD5005584E8 /* BmobMessageSDK.framework in Frameworks */,
				5D129B5F1CC46DD5005584E8 /* BmobIMSDK.framework in Frameworks */,
			);
			runOnlyForDeploymentPostprocessing = 0;
		};
/* End PBXFrameworksBuildPhase section */

/* Begin PBXGroup section */
		5D0852131CC8D2360040AA3F /* Regist */ = {
			isa = PBXGroup;
			children = (
				5D0852141CC8D24D0040AA3F /* RegistViewController.h */,
				5D0852151CC8D24D0040AA3F /* RegistViewController.m */,
				5D0852161CC8D24D0040AA3F /* RegistViewController.xib */,
			);
			path = Regist;
			sourceTree = "<group>";
		};
		5D129B531CC46DD5005584E8 /* BmobSDK */ = {
			isa = PBXGroup;
			children = (
				5D129B541CC46DD5005584E8 /* Bmob_SDK_iOS_v1.6.9 */,
				5D129B561CC46DD5005584E8 /* BmobIMSDK_v2.0.1_Beta */,
				5D129B581CC46DD5005584E8 /* BmobMessageSDK_iOS_v1.0.2 */,
				5D129B5A1CC46DD5005584E8 /* BmobPay_V1.0.6 */,
			);
			path = BmobSDK;
			sourceTree = "<group>";
		};
		5D129B541CC46DD5005584E8 /* Bmob_SDK_iOS_v1.6.9 */ = {
			isa = PBXGroup;
			children = (
				5D129B7F1CC4B41B005584E8 /* BmobSDK.framework */,
			);
			path = Bmob_SDK_iOS_v1.6.9;
			sourceTree = "<group>";
		};
		5D129B561CC46DD5005584E8 /* BmobIMSDK_v2.0.1_Beta */ = {
			isa = PBXGroup;
			children = (
				5D129B571CC46DD5005584E8 /* BmobIMSDK.framework */,
			);
			path = BmobIMSDK_v2.0.1_Beta;
			sourceTree = "<group>";
		};
		5D129B581CC46DD5005584E8 /* BmobMessageSDK_iOS_v1.0.2 */ = {
			isa = PBXGroup;
			children = (
				5D129B591CC46DD5005584E8 /* BmobMessageSDK.framework */,
			);
			path = BmobMessageSDK_iOS_v1.0.2;
			sourceTree = "<group>";
		};
		5D129B5A1CC46DD5005584E8 /* BmobPay_V1.0.6 */ = {
			isa = PBXGroup;
			children = (
				5D129B5B1CC46DD5005584E8 /* AlipaySDK.bundle */,
				5D129B5C1CC46DD5005584E8 /* AlipaySDK.framework */,
				5D129B5D1CC46DD5005584E8 /* BmobPay.framework */,
			);
			path = BmobPay_V1.0.6;
			sourceTree = "<group>";
		};
		5D129B841CC4B8C1005584E8 /* CacheTool */ = {
			isa = PBXGroup;
			children = (
				5D129B851CC4B8D6005584E8 /* CacheTool.h */,
				5D129B861CC4B8D6005584E8 /* CacheTool.m */,
			);
			path = CacheTool;
			sourceTree = "<group>";
		};
		5D129B8E1CC4D4F3005584E8 /* LPAlertView */ = {
			isa = PBXGroup;
			children = (
				5D129B8F1CC4D4F3005584E8 /* AlertView.h */,
				5D129B901CC4D4F3005584E8 /* AlertView.m */,
				5D129B911CC4D4F3005584E8 /* LPAlertView.h */,
				5D129B921CC4D4F3005584E8 /* LPAlertView.m */,
				5D129B931CC4D4F3005584E8 /* LPAlertView.xib */,
				5D129B941CC4D4F3005584E8 /* LPCustomHUD.h */,
				5D129B951CC4D4F3005584E8 /* LPCustomHUD.m */,
			);
			path = LPAlertView;
			sourceTree = "<group>";
		};
		5D129B9B1CC4D948005584E8 /* Setting */ = {
			isa = PBXGroup;
			children = (
				5D129B9C1CC4D962005584E8 /* SettingHome */,
			);
			path = Setting;
			sourceTree = "<group>";
		};
		5D129B9C1CC4D962005584E8 /* SettingHome */ = {
			isa = PBXGroup;
			children = (
				5D129B9D1CC4D97B005584E8 /* SettingViewController.h */,
				5D129B9E1CC4D97B005584E8 /* SettingViewController.m */,
				5D129B9F1CC4D97B005584E8 /* SettingViewController.xib */,
			);
			path = SettingHome;
			sourceTree = "<group>";
		};
		5D510D941CC7149C0051519E /* MsgList */ = {
			isa = PBXGroup;
			children = (
				5D510D951CC714AE0051519E /* MsgListViewController.h */,
				5D510D961CC714AE0051519E /* MsgListViewController.m */,
				5D510D971CC714AE0051519E /* MsgListViewController.xib */,
			);
			path = MsgList;
			sourceTree = "<group>";
		};
		5D51248A1CBF2AB6009114CC /* Account */ = {
			isa = PBXGroup;
			children = (
				5D51248D1CBF2AB6009114CC /* Login */,
				5D0852131CC8D2360040AA3F /* Regist */,
				5D51248B1CBF2AB6009114CC /* ChangePsd */,
				5D51248C1CBF2AB6009114CC /* FindPsd */,
			);
			path = Account;
			sourceTree = "<group>";
		};
		5D51248B1CBF2AB6009114CC /* ChangePsd */ = {
			isa = PBXGroup;
			children = (
			);
			path = ChangePsd;
			sourceTree = "<group>";
		};
		5D51248C1CBF2AB6009114CC /* FindPsd */ = {
			isa = PBXGroup;
			children = (
			);
			path = FindPsd;
			sourceTree = "<group>";
		};
		5D51248D1CBF2AB6009114CC /* Login */ = {
			isa = PBXGroup;
			children = (
				5DF697221CC0D8C0001C9921 /* LoginViewController.h */,
				5DF697211CC0D8C0001C9921 /* LoginViewController.m */,
				5DF697241CC0D8C7001C9921 /* LoginViewController.xib */,
			);
			path = Login;
			sourceTree = "<group>";
		};
		5D5124941CBF3418009114CC /* Models */ = {
			isa = PBXGroup;
			children = (
				5D5124951CBF344C009114CC /* UserModel.h */,
				5D5124961CBF344C009114CC /* UserModel.m */,
			);
			path = Models;
			sourceTree = "<group>";
		};
		5D5723161CB73F5F0041643A /* Utils */ = {
			isa = PBXGroup;
			children = (
				5D129B8E1CC4D4F3005584E8 /* LPAlertView */,
				5D129B531CC46DD5005584E8 /* BmobSDK */,
				5D5723171CB73F5F0041643A /* LPLine */,
			);
			path = Utils;
			sourceTree = "<group>";
		};
		5D5723171CB73F5F0041643A /* LPLine */ = {
			isa = PBXGroup;
			children = (
				5D5723181CB73F5F0041643A /* LPLine.h */,
				5D5723191CB73F5F0041643A /* LPLine.m */,
			);
			path = LPLine;
			sourceTree = "<group>";
		};
		5D5723231CB7A0550041643A /* Modules */ = {
			isa = PBXGroup;
			children = (
				C6C236B21CBE945000919E31 /* Add */,
				5D5723241CB7A0550041643A /* Home */,
				5D5723271CB7A0550041643A /* Task */,
				5D5723251CB7A0550041643A /* Message */,
				5D5723261CB7A0550041643A /* Mine */,
				5D51248A1CBF2AB6009114CC /* Account */,
			);
			path = Modules;
			sourceTree = "<group>";
		};
		5D5723241CB7A0550041643A /* Home */ = {
			isa = PBXGroup;
			children = (
				5D5723281CB7A08B0041643A /* HomeViewController.h */,
				5D5723291CB7A08B0041643A /* HomeViewController.m */,
				5D57232A1CB7A08B0041643A /* HomeViewController.xib */,
				5D57233D1CB7B0440041643A /* TestViewController.h */,
				5D57233E1CB7B0440041643A /* TestViewController.m */,
				5D57233F1CB7B0440041643A /* TestViewController.xib */,
			);
			path = Home;
			sourceTree = "<group>";
		};
		5D5723251CB7A0550041643A /* Message */ = {
			isa = PBXGroup;
			children = (
				5D510D941CC7149C0051519E /* MsgList */,
				5DF4D8B51CC7854E009BF68A /* Chat */,
			);
			path = Message;
			sourceTree = "<group>";
		};
		5D5723261CB7A0550041643A /* Mine */ = {
			isa = PBXGroup;
			children = (
				5D129B9B1CC4D948005584E8 /* Setting */,
				5DDE1AA81CBBA9EB00D769B1 /* MainHome */,
				5D8AEE7E1CC6313500E7F9A4 /* NewTask */,
				5D8AEE7F1CC6313500E7F9A4 /* OldTask */,
			);
			path = Mine;
			sourceTree = "<group>";
		};
		5D5723271CB7A0550041643A /* Task */ = {
			isa = PBXGroup;
			children = (
				5D5723381CB7A0DE0041643A /* TaskViewController.h */,
				5D5723391CB7A0DE0041643A /* TaskViewController.m */,
				5D57233A1CB7A0DE0041643A /* TaskViewController.xib */,
			);
			path = Task;
			sourceTree = "<group>";
		};
		5D60A1601CB63F5A009B38F7 = {
			isa = PBXGroup;
			children = (
				5D60A16B1CB63F5B009B38F7 /* Complay */,
				5D60A16A1CB63F5A009B38F7 /* Products */,
			);
			sourceTree = "<group>";
		};
		5D60A16A1CB63F5A009B38F7 /* Products */ = {
			isa = PBXGroup;
			children = (
				5D60A1691CB63F5A009B38F7 /* Complay.app */,
			);
			name = Products;
			sourceTree = "<group>";
		};
		5D60A16B1CB63F5B009B38F7 /* Complay */ = {
			isa = PBXGroup;
			children = (
				5D60A1781CB63F5B009B38F7 /* Assets.xcassets */,
				5D5723161CB73F5F0041643A /* Utils */,
				5D60A1831CB642B6009B38F7 /* Base */,
				5D60A18B1CB6437F009B38F7 /* Common */,
				5D5723231CB7A0550041643A /* Modules */,
				5D60A16C1CB63F5B009B38F7 /* Supporting Files */,
			);
			path = Complay;
			sourceTree = "<group>";
		};
		5D60A16C1CB63F5B009B38F7 /* Supporting Files */ = {
			isa = PBXGroup;
			children = (
				5D129B7B1CC4B3AD005584E8 /* libicucore.tbd */,
				5D129B781CC470F7005584E8 /* libsqlite3.tbd */,
				5D129B741CC4700F005584E8 /* libz.1.2.5.tbd */,
				5D129B721CC46FFA005584E8 /* CoreTelephony.framework */,
				5D129B701CC46FF0005584E8 /* CFNetwork.framework */,
				5D129B6E1CC46FE6005584E8 /* MobileCoreServices.framework */,
				5D129B6C1CC46FD3005584E8 /* CoreGraphics.framework */,
				5D129B6A1CC46FCD005584E8 /* Security.framework */,
				5D129B681CC46FC4005584E8 /* CoreLocation.framework */,
				5D60A17A1CB63F5B009B38F7 /* LaunchScreen.storyboard */,
				5D60A17D1CB63F5B009B38F7 /* Info.plist */,
				5D60A16D1CB63F5B009B38F7 /* main.m */,
			);
			name = "Supporting Files";
			sourceTree = "<group>";
		};
		5D60A1831CB642B6009B38F7 /* Base */ = {
			isa = PBXGroup;
			children = (
				5D60A1871CB64372009B38F7 /* AppDelegate */,
				5D60A1901CB65F9D009B38F7 /* BasicCotrollers */,
				5D60A1931CB65F9D009B38F7 /* BasicViews */,
			);
			path = Base;
			sourceTree = "<group>";
		};
		5D60A1871CB64372009B38F7 /* AppDelegate */ = {
			isa = PBXGroup;
			children = (
				5D60A1881CB64372009B38F7 /* AppDelegate.h */,
				5D60A1891CB64372009B38F7 /* AppDelegate.m */,
			);
			path = AppDelegate;
			sourceTree = "<group>";
		};
		5D60A18B1CB6437F009B38F7 /* Common */ = {
			isa = PBXGroup;
			children = (
				5D129B9A1CC4D6E9005584E8 /* CommonHeaders.h */,
				5D95FC8D1CBB51C3009EF97A /* CommonConstants.h */,
				5D129B8B1CC4C6CD005584E8 /* CommonFunctions.h */,
				5D129B8C1CC4C6CD005584E8 /* CommonFunctions.m */,
				5D129B841CC4B8C1005584E8 /* CacheTool */,
				5D5124941CBF3418009114CC /* Models */,
				5DF697151CC07B0E001C9921 /* NetworkTool */,
			);
			path = Common;
			sourceTree = "<group>";
		};
		5D60A1901CB65F9D009B38F7 /* BasicCotrollers */ = {
			isa = PBXGroup;
			children = (
				5D6107AE1CBCC425002C35E5 /* MainTabBarController */,
				5D6107A81CBCC425002C35E5 /* BasicViewController */,
			);
			path = BasicCotrollers;
			sourceTree = "<group>";
		};
		5D60A1931CB65F9D009B38F7 /* BasicViews */ = {
			isa = PBXGroup;
			children = (
				C66374D61CBD2EDB00447A39 /* RefreshTableView */,
				5D95FC911CBB9396009EF97A /* BasicImgView.h */,
				5D95FC921CBB9396009EF97A /* BasicImgView.m */,
				5D95FC941CBB93CD009EF97A /* HeadImgView.h */,
				5D95FC951CBB93CD009EF97A /* HeadImgView.m */,
				5DF697191CC0BCDD001C9921 /* BasicButton.h */,
				5DF6971A1CC0BCDD001C9921 /* BasicButton.m */,
			);
			path = BasicViews;
			sourceTree = "<group>";
		};
		5D6107A81CBCC425002C35E5 /* BasicViewController */ = {
			isa = PBXGroup;
			children = (
				5D6107A91CBCC425002C35E5 /* BasicViewController.h */,
				5D6107AA1CBCC425002C35E5 /* BasicViewController.m */,
				5D6107AB1CBCC425002C35E5 /* LoadView.h */,
				5D6107AC1CBCC425002C35E5 /* LoadView.m */,
				5D6107AD1CBCC425002C35E5 /* LoadView.xib */,
			);
			path = BasicViewController;
			sourceTree = "<group>";
		};
		5D6107AE1CBCC425002C35E5 /* MainTabBarController */ = {
			isa = PBXGroup;
			children = (
				5D6107B11CBCC425002C35E5 /* MainTabBarController.h */,
				5D6107B21CBCC425002C35E5 /* MainTabBarController.m */,
				5D6107AF1CBCC425002C35E5 /* MainTabBar.h */,
				5D6107B01CBCC425002C35E5 /* MainTabBar.m */,
				5D6107B31CBCC425002C35E5 /* TabBarItem.h */,
				5D6107B41CBCC425002C35E5 /* TabBarItem.m */,
			);
			path = MainTabBarController;
			sourceTree = "<group>";
		};
		5D8AEE7E1CC6313500E7F9A4 /* NewTask */ = {
			isa = PBXGroup;
			children = (
				5D8AEE801CC6314A00E7F9A4 /* NewTasksViewController.h */,
				5D8AEE811CC6314A00E7F9A4 /* NewTasksViewController.m */,
				5D8AEE821CC6314A00E7F9A4 /* NewTasksViewController.xib */,
			);
			path = NewTask;
			sourceTree = "<group>";
		};
		5D8AEE7F1CC6313500E7F9A4 /* OldTask */ = {
			isa = PBXGroup;
			children = (
				5D8AEE851CC6315E00E7F9A4 /* OldTasksViewController.h */,
				5D8AEE861CC6315E00E7F9A4 /* OldTasksViewController.m */,
				5D8AEE871CC6315E00E7F9A4 /* OldTasksViewController.xib */,
			);
			path = OldTask;
			sourceTree = "<group>";
		};
		5DDE1AA81CBBA9EB00D769B1 /* MainHome */ = {
			isa = PBXGroup;
			children = (
				5DDE1AA91CBBA9EB00D769B1 /* MineViewController.h */,
				5DDE1AAA1CBBA9EB00D769B1 /* MineViewController.m */,
				5DDE1AAB1CBBA9EB00D769B1 /* MineViewController.xib */,
			);
			path = MainHome;
			sourceTree = "<group>";
		};
		5DF4D8B51CC7854E009BF68A /* Chat */ = {
			isa = PBXGroup;
			children = (
				5DF4D8B61CC7856D009BF68A /* ChatViewController.h */,
				5DF4D8B71CC7856D009BF68A /* ChatViewController.m */,
				5DF4D8B81CC7856D009BF68A /* ChatViewController.xib */,
			);
			path = Chat;
			sourceTree = "<group>";
		};
		5DF697151CC07B0E001C9921 /* NetworkTool */ = {
			isa = PBXGroup;
			children = (
				5DF697161CC07B2B001C9921 /* NetTool.h */,
				5DF697171CC07B2B001C9921 /* NetTool.m */,
				5D510D9A1CC71D890051519E /* MsgTool.h */,
				5D510D9B1CC71D890051519E /* MsgTool.m */,
			);
			path = NetworkTool;
			sourceTree = "<group>";
		};
		C66374D61CBD2EDB00447A39 /* RefreshTableView */ = {
			isa = PBXGroup;
			children = (
				C66374D71CBD2EFC00447A39 /* RefreshTableView.h */,
				C66374D81CBD2EFC00447A39 /* RefreshTableView.m */,
			);
			path = RefreshTableView;
			sourceTree = "<group>";
		};
		C6C236B21CBE945000919E31 /* Add */ = {
			isa = PBXGroup;
			children = (
				C6C236B31CBE945000919E31 /* AddView.h */,
				C6C236B41CBE945000919E31 /* AddView.m */,
			);
			path = Add;
			sourceTree = "<group>";
		};
/* End PBXGroup section */

/* Begin PBXNativeTarget section */
		5D60A1681CB63F5A009B38F7 /* Complay */ = {
			isa = PBXNativeTarget;
			buildConfigurationList = 5D60A1801CB63F5B009B38F7 /* Build configuration list for PBXNativeTarget "Complay" */;
			buildPhases = (
				5D60A1651CB63F5A009B38F7 /* Sources */,
				5D60A1661CB63F5A009B38F7 /* Frameworks */,
				5D60A1671CB63F5A009B38F7 /* Resources */,
				5D129B831CC4B424005584E8 /* Embed Frameworks */,
			);
			buildRules = (
			);
			dependencies = (
			);
			name = Complay;
			productName = Complay;
			productReference = 5D60A1691CB63F5A009B38F7 /* Complay.app */;
			productType = "com.apple.product-type.application";
		};
/* End PBXNativeTarget section */

/* Begin PBXProject section */
		5D60A1611CB63F5A009B38F7 /* Project object */ = {
			isa = PBXProject;
			attributes = {
				LastUpgradeCheck = 0720;
				ORGANIZATIONNAME = iOS_Liu;
				TargetAttributes = {
					5D60A1681CB63F5A009B38F7 = {
						CreatedOnToolsVersion = 7.2;
						DevelopmentTeam = RTN8C9M66P;
					};
				};
			};
			buildConfigurationList = 5D60A1641CB63F5A009B38F7 /* Build configuration list for PBXProject "Complay" */;
			compatibilityVersion = "Xcode 3.2";
			developmentRegion = English;
			hasScannedForEncodings = 0;
			knownRegions = (
				en,
				Base,
			);
			mainGroup = 5D60A1601CB63F5A009B38F7;
			productRefGroup = 5D60A16A1CB63F5A009B38F7 /* Products */;
			projectDirPath = "";
			projectRoot = "";
			targets = (
				5D60A1681CB63F5A009B38F7 /* Complay */,
			);
		};
/* End PBXProject section */

/* Begin PBXResourcesBuildPhase section */
		5D60A1671CB63F5A009B38F7 /* Resources */ = {
			isa = PBXResourcesBuildPhase;
			buildActionMask = 2147483647;
			files = (
				5D8AEE841CC6314A00E7F9A4 /* NewTasksViewController.xib in Resources */,
				5D129B611CC46DD5005584E8 /* AlipaySDK.bundle in Resources */,
				5D6107B71CBCC425002C35E5 /* LoadView.xib in Resources */,
				5D60A17C1CB63F5B009B38F7 /* LaunchScreen.storyboard in Resources */,
				5D129B981CC4D4F3005584E8 /* LPAlertView.xib in Resources */,
				5D8AEE891CC6315E00E7F9A4 /* OldTasksViewController.xib in Resources */,
				5D0852181CC8D24D0040AA3F /* RegistViewController.xib in Resources */,
				5DDE1AAD1CBBA9EB00D769B1 /* MineViewController.xib in Resources */,
				5D57233C1CB7A0DE0041643A /* TaskViewController.xib in Resources */,
				5DF4D8BA1CC7856D009BF68A /* ChatViewController.xib in Resources */,
				5D60A1791CB63F5B009B38F7 /* Assets.xcassets in Resources */,
				5D129BA11CC4D97B005584E8 /* SettingViewController.xib in Resources */,
				5D57232C1CB7A08B0041643A /* HomeViewController.xib in Resources */,
				5D5723411CB7B0440041643A /* TestViewController.xib in Resources */,
				5D510D991CC714AE0051519E /* MsgListViewController.xib in Resources */,
				5DF697251CC0D8C7001C9921 /* LoginViewController.xib in Resources */,
			);
			runOnlyForDeploymentPostprocessing = 0;
		};
/* End PBXResourcesBuildPhase section */

/* Begin PBXSourcesBuildPhase section */
		5D60A1651CB63F5A009B38F7 /* Sources */ = {
			isa = PBXSourcesBuildPhase;
			buildActionMask = 2147483647;
			files = (
				5D95FC931CBB9396009EF97A /* BasicImgView.m in Sources */,
				C66374D91CBD2EFC00447A39 /* RefreshTableView.m in Sources */,
				5D6107BA1CBCC425002C35E5 /* TabBarItem.m in Sources */,
				5D95FC961CBB93CD009EF97A /* HeadImgView.m in Sources */,
				C6C236B51CBE945000919E31 /* AddView.m in Sources */,
				5D8AEE881CC6315E00E7F9A4 /* OldTasksViewController.m in Sources */,
				5D129BA01CC4D97B005584E8 /* SettingViewController.m in Sources */,
				5D60A18A1CB64372009B38F7 /* AppDelegate.m in Sources */,
				5D129B991CC4D4F3005584E8 /* LPCustomHUD.m in Sources */,
				5D510D9C1CC71D890051519E /* MsgTool.m in Sources */,
				5D6107B61CBCC425002C35E5 /* LoadView.m in Sources */,
				5D60A16E1CB63F5B009B38F7 /* main.m in Sources */,
				5D6107B51CBCC425002C35E5 /* BasicViewController.m in Sources */,
				5DF4D8B91CC7856D009BF68A /* ChatViewController.m in Sources */,
				5D129B961CC4D4F3005584E8 /* AlertView.m in Sources */,
				5D129B8D1CC4C6CD005584E8 /* CommonFunctions.m in Sources */,
				5D5723401CB7B0440041643A /* TestViewController.m in Sources */,
				5D129B871CC4B8D6005584E8 /* CacheTool.m in Sources */,
				5DF697231CC0D8C0001C9921 /* LoginViewController.m in Sources */,
				5D6107B81CBCC425002C35E5 /* MainTabBar.m in Sources */,
				5D510D981CC714AE0051519E /* MsgListViewController.m in Sources */,
				5D57233B1CB7A0DE0041643A /* TaskViewController.m in Sources */,
				5D57231A1CB73F5F0041643A /* LPLine.m in Sources */,
				5D129B7A1CC4B1E3005584E8 /* NetTool.m in Sources */,
				5DF6971B1CC0BCDD001C9921 /* BasicButton.m in Sources */,
				5D6107B91CBCC425002C35E5 /* MainTabBarController.m in Sources */,
				5D8AEE831CC6314A00E7F9A4 /* NewTasksViewController.m in Sources */,
				5D57232B1CB7A08B0041643A /* HomeViewController.m in Sources */,
				5D5124971CBF344C009114CC /* UserModel.m in Sources */,
				5DDE1AAC1CBBA9EB00D769B1 /* MineViewController.m in Sources */,
				5D0852171CC8D24D0040AA3F /* RegistViewController.m in Sources */,
				5D129B971CC4D4F3005584E8 /* LPAlertView.m in Sources */,
			);
			runOnlyForDeploymentPostprocessing = 0;
		};
/* End PBXSourcesBuildPhase section */

/* Begin PBXVariantGroup section */
		5D60A17A1CB63F5B009B38F7 /* LaunchScreen.storyboard */ = {
			isa = PBXVariantGroup;
			children = (
				5D60A17B1CB63F5B009B38F7 /* Base */,
			);
			name = LaunchScreen.storyboard;
			sourceTree = "<group>";
		};
/* End PBXVariantGroup section */

/* Begin XCBuildConfiguration section */
		5D60A17E1CB63F5B009B38F7 /* Debug */ = {
			isa = XCBuildConfiguration;
			buildSettings = {
				ALWAYS_SEARCH_USER_PATHS = NO;
				CLANG_CXX_LANGUAGE_STANDARD = "gnu++0x";
				CLANG_CXX_LIBRARY = "libc++";
				CLANG_ENABLE_MODULES = YES;
				CLANG_ENABLE_OBJC_ARC = YES;
				CLANG_WARN_BOOL_CONVERSION = YES;
				CLANG_WARN_CONSTANT_CONVERSION = YES;
				CLANG_WARN_DIRECT_OBJC_ISA_USAGE = YES_ERROR;
				CLANG_WARN_EMPTY_BODY = YES;
				CLANG_WARN_ENUM_CONVERSION = YES;
				CLANG_WARN_INT_CONVERSION = YES;
				CLANG_WARN_OBJC_ROOT_CLASS = YES_ERROR;
				CLANG_WARN_UNREACHABLE_CODE = YES;
				CLANG_WARN__DUPLICATE_METHOD_MATCH = YES;
				"CODE_SIGN_IDENTITY[sdk=iphoneos*]" = "iPhone Developer";
				COPY_PHASE_STRIP = NO;
				DEBUG_INFORMATION_FORMAT = dwarf;
				ENABLE_STRICT_OBJC_MSGSEND = YES;
				ENABLE_TESTABILITY = YES;
				GCC_C_LANGUAGE_STANDARD = gnu99;
				GCC_DYNAMIC_NO_PIC = NO;
				GCC_NO_COMMON_BLOCKS = YES;
				GCC_OPTIMIZATION_LEVEL = 0;
				GCC_PREPROCESSOR_DEFINITIONS = (
					"DEBUG=1",
					"$(inherited)",
				);
				GCC_WARN_64_TO_32_BIT_CONVERSION = YES;
				GCC_WARN_ABOUT_RETURN_TYPE = YES_ERROR;
				GCC_WARN_UNDECLARED_SELECTOR = YES;
				GCC_WARN_UNINITIALIZED_AUTOS = YES_AGGRESSIVE;
				GCC_WARN_UNUSED_FUNCTION = YES;
				GCC_WARN_UNUSED_VARIABLE = YES;
				IPHONEOS_DEPLOYMENT_TARGET = 9.2;
				MTL_ENABLE_DEBUG_INFO = YES;
				ONLY_ACTIVE_ARCH = YES;
				SDKROOT = iphoneos;
			};
			name = Debug;
		};
		5D60A17F1CB63F5B009B38F7 /* Release */ = {
			isa = XCBuildConfiguration;
			buildSettings = {
				ALWAYS_SEARCH_USER_PATHS = NO;
				CLANG_CXX_LANGUAGE_STANDARD = "gnu++0x";
				CLANG_CXX_LIBRARY = "libc++";
				CLANG_ENABLE_MODULES = YES;
				CLANG_ENABLE_OBJC_ARC = YES;
				CLANG_WARN_BOOL_CONVERSION = YES;
				CLANG_WARN_CONSTANT_CONVERSION = YES;
				CLANG_WARN_DIRECT_OBJC_ISA_USAGE = YES_ERROR;
				CLANG_WARN_EMPTY_BODY = YES;
				CLANG_WARN_ENUM_CONVERSION = YES;
				CLANG_WARN_INT_CONVERSION = YES;
				CLANG_WARN_OBJC_ROOT_CLASS = YES_ERROR;
				CLANG_WARN_UNREACHABLE_CODE = YES;
				CLANG_WARN__DUPLICATE_METHOD_MATCH = YES;
				"CODE_SIGN_IDENTITY[sdk=iphoneos*]" = "iPhone Developer";
				COPY_PHASE_STRIP = NO;
				DEBUG_INFORMATION_FORMAT = "dwarf-with-dsym";
				ENABLE_NS_ASSERTIONS = NO;
				ENABLE_STRICT_OBJC_MSGSEND = YES;
				GCC_C_LANGUAGE_STANDARD = gnu99;
				GCC_NO_COMMON_BLOCKS = YES;
				GCC_WARN_64_TO_32_BIT_CONVERSION = YES;
				GCC_WARN_ABOUT_RETURN_TYPE = YES_ERROR;
				GCC_WARN_UNDECLARED_SELECTOR = YES;
				GCC_WARN_UNINITIALIZED_AUTOS = YES_AGGRESSIVE;
				GCC_WARN_UNUSED_FUNCTION = YES;
				GCC_WARN_UNUSED_VARIABLE = YES;
				IPHONEOS_DEPLOYMENT_TARGET = 9.2;
				MTL_ENABLE_DEBUG_INFO = NO;
				SDKROOT = iphoneos;
				VALIDATE_PRODUCT = YES;
			};
			name = Release;
		};
		5D60A1811CB63F5B009B38F7 /* Debug */ = {
			isa = XCBuildConfiguration;
			buildSettings = {
				ASSETCATALOG_COMPILER_APPICON_NAME = AppIcon;
				CODE_SIGN_IDENTITY = "iPhone Developer";
				FRAMEWORK_SEARCH_PATHS = (
					"$(inherited)",
					"$(PROJECT_DIR)/Complay/Utils/BmobSDK/Bmob_SDK_iOS_v1.6.9",
					"$(PROJECT_DIR)/Complay/Utils/BmobSDK/BmobIMSDK_v2.0.1_Beta",
					"$(PROJECT_DIR)/Complay/Utils/BmobSDK/BmobMessageSDK_iOS_v1.0.2",
					"$(PROJECT_DIR)/Complay/Utils/BmobSDK/BmobPay_V1.0.6",
				);
				INFOPLIST_FILE = Complay/Info.plist;
				IPHONEOS_DEPLOYMENT_TARGET = 8.1;
				LD_RUNPATH_SEARCH_PATHS = "$(inherited) @executable_path/Frameworks";
				OTHER_LDFLAGS = "";
				PRODUCT_BUNDLE_IDENTIFIER = iOSLiu.Complay;
				PRODUCT_NAME = "$(TARGET_NAME)";
				PROVISIONING_PROFILE = "";
			};
			name = Debug;
		};
		5D60A1821CB63F5B009B38F7 /* Release */ = {
			isa = XCBuildConfiguration;
			buildSettings = {
				ASSETCATALOG_COMPILER_APPICON_NAME = AppIcon;
				CODE_SIGN_IDENTITY = "iPhone Developer";
				FRAMEWORK_SEARCH_PATHS = (
					"$(inherited)",
					"$(PROJECT_DIR)/Complay/Utils/BmobSDK/Bmob_SDK_iOS_v1.6.9",
					"$(PROJECT_DIR)/Complay/Utils/BmobSDK/BmobIMSDK_v2.0.1_Beta",
					"$(PROJECT_DIR)/Complay/Utils/BmobSDK/BmobMessageSDK_iOS_v1.0.2",
					"$(PROJECT_DIR)/Complay/Utils/BmobSDK/BmobPay_V1.0.6",
				);
				INFOPLIST_FILE = Complay/Info.plist;
				IPHONEOS_DEPLOYMENT_TARGET = 8.1;
				LD_RUNPATH_SEARCH_PATHS = "$(inherited) @executable_path/Frameworks";
				OTHER_LDFLAGS = "";
				PRODUCT_BUNDLE_IDENTIFIER = iOSLiu.Complay;
				PRODUCT_NAME = "$(TARGET_NAME)";
				PROVISIONING_PROFILE = "";
			};
			name = Release;
		};
/* End XCBuildConfiguration section */

/* Begin XCConfigurationList section */
		5D60A1641CB63F5A009B38F7 /* Build configuration list for PBXProject "Complay" */ = {
			isa = XCConfigurationList;
			buildConfigurations = (
				5D60A17E1CB63F5B009B38F7 /* Debug */,
				5D60A17F1CB63F5B009B38F7 /* Release */,
			);
			defaultConfigurationIsVisible = 0;
			defaultConfigurationName = Release;
		};
		5D60A1801CB63F5B009B38F7 /* Build configuration list for PBXNativeTarget "Complay" */ = {
			isa = XCConfigurationList;
			buildConfigurations = (
				5D60A1811CB63F5B009B38F7 /* Debug */,
				5D60A1821CB63F5B009B38F7 /* Release */,
			);
			defaultConfigurationIsVisible = 0;
			defaultConfigurationName = Release;
		};
/* End XCConfigurationList section */
	};
	rootObject = 5D60A1611CB63F5A009B38F7 /* Project object */;
}
